<?xml version="1.0" encoding="utf-8"?>
<Project ToolsVersion="4.0" xmlns="http://schemas.microsoft.com/developer/msbuild/2003">
  <ItemGroup>
    <Filter Include="Source Files">
      <UniqueIdentifier>{4FC737F1-C7A5-4376-A066-2A32D752A2FF}</UniqueIdentifier>
      <Extensions>cpp;c;cc;cxx;c++;cppm;ixx;def;odl;idl;hpj;bat;asm;asmx</Extensions>
    </Filter>
    <Filter Include="Header Files">
      <UniqueIdentifier>{93995380-89BD-4b04-88EB-625FBE52EBFB}</UniqueIdentifier>
      <Extensions>h;hh;hpp;hxx;h++;hm;inl;inc;ipp;xsd</Extensions>
    </Filter>
    <Filter Include="Resource Files">
      <UniqueIdentifier>{67DA6AB6-F800-4c08-8B7A-83BB121AAD01}</UniqueIdentifier>
      <Extensions>rc;ico;cur;bmp;dlg;rc2;rct;bin;rgs;gif;jpg;jpeg;jpe;resx;tiff;tif;png;wav;mfcribbon-ms</Extensions>
    </Filter>
    <Filter Include="Core">
      <UniqueIdentifier>{5f710001-7a70-418a-a408-94dcbff62fdf}</UniqueIdentifier>
    </Filter>
    <Filter Include="Systems">
      <UniqueIdentifier>{8c7c1ded-8151-4e19-8c77-600fbbdae707}</UniqueIdentifier>
    </Filter>
    <Filter Include="Interface">
      <UniqueIdentifier>{fe729ea9-7b75-4e7a-b279-12d5bdf038b6}</UniqueIdentifier>
    </Filter>
    <Filter Include="Interface\Gui_Components">
      <UniqueIdentifier>{fa41192d-eec6-4ade-8823-9c25f3810fdc}</UniqueIdentifier>
    </Filter>
  </ItemGroup>
  <ItemGroup>
    <ClCompile Include="Core\Engine.cpp">
      <Filter>Core</Filter>
    </ClCompile>
    <ClCompile Include="Systems\RenderingSystem.cpp">
      <Filter>Systems</Filter>
    </ClCompile>
    <ClCompile Include="Systems\AnimationSystem.cpp">
      <Filter>Systems</Filter>
    </ClCompile>
    <ClCompile Include="Systems\InputSystem.cpp">
      <Filter>Systems</Filter>
    </ClCompile>
    <ClCompile Include="Systems\MovementSystem.cpp">
      <Filter>Systems</Filter>
    </ClCompile>
    <ClCompile Include="Systems\PhysicsSystem.cpp">
      <Filter>Systems</Filter>
    </ClCompile>
    <ClCompile Include="Interface\States.cpp">
      <Filter>Interface</Filter>
    </ClCompile>
    <ClCompile Include="Interface\PauseMenu.cpp">
      <Filter>Interface</Filter>
    </ClCompile>
    <ClCompile Include="Interface\Gui_Components\Button.cpp">
      <Filter>Interface\Gui_Components</Filter>
    </ClCompile>
    <ClCompile Include="Interface\Gui_Components\ButtonMap.cpp">
      <Filter>Interface\Gui_Components</Filter>
    </ClCompile>
  </ItemGroup>
  <ItemGroup>
    <ClInclude Include="Core\Engine.h">
      <Filter>Core</Filter>
    </ClInclude>
    <ClInclude Include="Core\Components.h">
      <Filter>Core</Filter>
    </ClInclude>
    <ClInclude Include="Core\ECS.h">
      <Filter>Core</Filter>
    </ClInclude>
    <ClInclude Include="Systems\RenderingSystem.h">
      <Filter>Systems</Filter>
    </ClInclude>
    <ClInclude Include="Systems\AnimationSystem.h">
      <Filter>Systems</Filter>
    </ClInclude>
    <ClInclude Include="Systems\InputSystem.h">
      <Filter>Systems</Filter>
    </ClInclude>
    <ClInclude Include="Systems\MovementSystem.h">
      <Filter>Systems</Filter>
    </ClInclude>
    <ClInclude Include="Systems\PhysicsSystem.h">
      <Filter>Systems</Filter>
    </ClInclude>
    <ClInclude Include="Interface\States.h">
      <Filter>Interface</Filter>
    </ClInclude>
    <ClInclude Include="Interface\PauseMenu.h">
      <Filter>Interface</Filter>
    </ClInclude>
    <ClInclude Include="Interface\Gui_Components\Button.h">
      <Filter>Interface\Gui_Components</Filter>
    </ClInclude>
    <ClInclude Include="Interface\Gui_Components\ButtonMap.h">
      <Filter>Interface\Gui_Components</Filter>
    </ClInclude>
  </ItemGroup>
</Project>